{
  "name": "calenddar-client",
  "version": "1.2.0",
  "lockfileVersion": 2,
  "requires": true,
  "packages": {
    "": {
      "name": "calenddar-client",
      "version": "1.2.0",
      "license": "ISC",
      "dependencies": {
        "axios": "^0.24.0",
        "eventemitter2": "^6.4.5",
        "graphql-request": "^3.7.0",
        "ws": "^8.4.2"
      },
      "devDependencies": {
        "@types/eventemitter2": "^4.1.0",
        "@types/ws": "^8.2.2"
      }
    },
    "node_modules/@types/eventemitter2": {
      "version": "4.1.0",
      "resolved": "https://registry.npmjs.org/@types/eventemitter2/-/eventemitter2-4.1.0.tgz",
      "integrity": "sha512-IyrCYFL+FakW3gVd/x2b0QIpcVrdgcNCkj985xoBVinc0rNwoV87IbBx7KlS5aP+bx7uIZxVypLCiSwmI4jZrg==",
      "deprecated": "This is a stub types definition for eventemitter2 (https://github.com/asyncly/EventEmitter2). eventemitter2 provides its own type definitions, so you don't need @types/eventemitter2 installed!",
      "dev": true,
      "dependencies": {
        "eventemitter2": "*"
      }
    },
    "node_modules/@types/node": {
      "version": "17.0.8",
      "resolved": "https://registry.npmjs.org/@types/node/-/node-17.0.8.tgz",
      "integrity": "sha512-YofkM6fGv4gDJq78g4j0mMuGMkZVxZDgtU0JRdx6FgiJDG+0fY0GKVolOV8WqVmEhLCXkQRjwDdKyPxJp/uucg==",
      "dev": true
    },
    "node_modules/@types/ws": {
      "version": "8.2.2",
      "resolved": "https://registry.npmjs.org/@types/ws/-/ws-8.2.2.tgz",
      "integrity": "sha512-NOn5eIcgWLOo6qW8AcuLZ7G8PycXu0xTxxkS6Q18VWFxgPUSOwV0pBj2a/4viNZVu25i7RIB7GttdkAIUUXOOg==",
      "dev": true,
      "dependencies": {
        "@types/node": "*"
      }
    },
    "node_modules/asynckit": {
      "version": "0.4.0",
      "resolved": "https://registry.npmjs.org/asynckit/-/asynckit-0.4.0.tgz",
      "integrity": "sha1-x57Zf380y48robyXkLzDZkdLS3k="
    },
    "node_modules/axios": {
      "version": "0.24.0",
      "resolved": "https://registry.npmjs.org/axios/-/axios-0.24.0.tgz",
      "integrity": "sha512-Q6cWsys88HoPgAaFAVUb0WpPk0O8iTeisR9IMqy9G8AbO4NlpVknrnQS03zzF9PGAWgO3cgletO3VjV/P7VztA==",
      "dependencies": {
        "follow-redirects": "^1.14.4"
      }
    },
    "node_modules/combined-stream": {
      "version": "1.0.8",
      "resolved": "https://registry.npmjs.org/combined-stream/-/combined-stream-1.0.8.tgz",
      "integrity": "sha512-FQN4MRfuJeHf7cBbBMJFXhKSDq+2kAArBlmRBvcvFE5BB1HZKXtSFASDhdlz9zOYwxh8lDdnvmMOe/+5cdoEdg==",
      "dependencies": {
        "delayed-stream": "~1.0.0"
      },
      "engines": {
        "node": ">= 0.8"
      }
    },
    "node_modules/cross-fetch": {
      "version": "3.1.4",
      "resolved": "https://registry.npmjs.org/cross-fetch/-/cross-fetch-3.1.4.tgz",
      "integrity": "sha512-1eAtFWdIubi6T4XPy6ei9iUFoKpUkIF971QLN8lIvvvwueI65+Nw5haMNKUwfJxabqlIIDODJKGrQ66gxC0PbQ==",
      "dependencies": {
        "node-fetch": "2.6.1"
      }
    },
    "node_modules/delayed-stream": {
      "version": "1.0.0",
      "resolved": "https://registry.npmjs.org/delayed-stream/-/delayed-stream-1.0.0.tgz",
      "integrity": "sha1-3zrhmayt+31ECqrgsp4icrJOxhk=",
      "engines": {
        "node": ">=0.4.0"
      }
    },
    "node_modules/eventemitter2": {
      "version": "6.4.5",
      "resolved": "https://registry.npmjs.org/eventemitter2/-/eventemitter2-6.4.5.tgz",
      "integrity": "sha512-bXE7Dyc1i6oQElDG0jMRZJrRAn9QR2xyyFGmBdZleNmyQX0FqGYmhZIrIrpPfm/w//LTo4tVQGOGQcGCb5q9uw=="
    },
    "node_modules/extract-files": {
      "version": "9.0.0",
      "resolved": "https://registry.npmjs.org/extract-files/-/extract-files-9.0.0.tgz",
      "integrity": "sha512-CvdFfHkC95B4bBBk36hcEmvdR2awOdhhVUYH6S/zrVj3477zven/fJMYg7121h4T1xHZC+tetUpubpAhxwI7hQ==",
      "engines": {
        "node": "^10.17.0 || ^12.0.0 || >= 13.7.0"
      },
      "funding": {
        "url": "https://github.com/sponsors/jaydenseric"
      }
    },
    "node_modules/follow-redirects": {
      "version": "1.14.7",
      "resolved": "https://registry.npmjs.org/follow-redirects/-/follow-redirects-1.14.7.tgz",
      "integrity": "sha512-+hbxoLbFMbRKDwohX8GkTataGqO6Jb7jGwpAlwgy2bIz25XtRm7KEzJM76R1WiNT5SwZkX4Y75SwBolkpmE7iQ==",
      "funding": [
        {
          "type": "individual",
          "url": "https://github.com/sponsors/RubenVerborgh"
        }
      ],
      "engines": {
        "node": ">=4.0"
      },
      "peerDependenciesMeta": {
        "debug": {
          "optional": true
        }
      }
    },
    "node_modules/form-data": {
      "version": "3.0.1",
      "resolved": "https://registry.npmjs.org/form-data/-/form-data-3.0.1.tgz",
      "integrity": "sha512-RHkBKtLWUVwd7SqRIvCZMEvAMoGUp0XU+seQiZejj0COz3RI3hWP4sCv3gZWWLjJTd7rGwcsF5eKZGii0r/hbg==",
      "dependencies": {
        "asynckit": "^0.4.0",
        "combined-stream": "^1.0.8",
        "mime-types": "^2.1.12"
      },
      "engines": {
        "node": ">= 6"
      }
    },
    "node_modules/graphql": {
      "version": "16.2.0",
      "resolved": "https://registry.npmjs.org/graphql/-/graphql-16.2.0.tgz",
      "integrity": "sha512-MuQd7XXrdOcmfwuLwC2jNvx0n3rxIuNYOxUtiee5XOmfrWo613ar2U8pE7aHAKh8VwfpifubpD9IP+EdEAEOsA==",
      "peer": true,
      "engines": {
        "node": "^12.22.0 || ^14.16.0 || >=16.0.0"
      }
    },
    "node_modules/graphql-request": {
      "version": "3.7.0",
      "resolved": "https://registry.npmjs.org/graphql-request/-/graphql-request-3.7.0.tgz",
      "integrity": "sha512-dw5PxHCgBneN2DDNqpWu8QkbbJ07oOziy8z+bK/TAXufsOLaETuVO4GkXrbs0WjhdKhBMN3BkpN/RIvUHkmNUQ==",
      "dependencies": {
        "cross-fetch": "^3.0.6",
        "extract-files": "^9.0.0",
        "form-data": "^3.0.0"
      },
      "peerDependencies": {
        "graphql": "14 - 16"
      }
    },
    "node_modules/mime-db": {
      "version": "1.51.0",
      "resolved": "https://registry.npmjs.org/mime-db/-/mime-db-1.51.0.tgz",
      "integrity": "sha512-5y8A56jg7XVQx2mbv1lu49NR4dokRnhZYTtL+KGfaa27uq4pSTXkwQkFJl4pkRMyNFz/EtYDSkiiEHx3F7UN6g==",
      "engines": {
        "node": ">= 0.6"
      }
    },
    "node_modules/mime-types": {
      "version": "2.1.34",
      "resolved": "https://registry.npmjs.org/mime-types/-/mime-types-2.1.34.tgz",
      "integrity": "sha512-6cP692WwGIs9XXdOO4++N+7qjqv0rqxxVvJ3VHPh/Sc9mVZcQP+ZGhkKiTvWMQRr2tbHkJP/Yn7Y0npb3ZBs4A==",
      "dependencies": {
        "mime-db": "1.51.0"
      },
      "engines": {
        "node": ">= 0.6"
      }
    },
    "node_modules/node-fetch": {
      "version": "2.6.1",
      "resolved": "https://registry.npmjs.org/node-fetch/-/node-fetch-2.6.1.tgz",
      "integrity": "sha512-V4aYg89jEoVRxRb2fJdAg8FHvI7cEyYdVAh94HH0UIK8oJxUfkjlDQN9RbMx+bEjP7+ggMiFRprSti032Oipxw==",
      "engines": {
        "node": "4.x || >=6.0.0"
      }
    },
    "node_modules/ws": {
      "version": "8.4.2",
      "resolved": "https://registry.npmjs.org/ws/-/ws-8.4.2.tgz",
      "integrity": "sha512-Kbk4Nxyq7/ZWqr/tarI9yIt/+iNNFOjBXEWgTb4ydaNHBNGgvf2QHbS9fdfsndfjFlFwEd4Al+mw83YkaD10ZA==",
      "engines": {
        "node": ">=10.0.0"
      },
      "peerDependencies": {
        "bufferutil": "^4.0.1",
        "utf-8-validate": "^5.0.2"
      },
      "peerDependenciesMeta": {
        "bufferutil": {
          "optional": true
        },
        "utf-8-validate": {
          "optional": true
        }
      }
    }
  },
  "dependencies": {
    "@types/eventemitter2": {
      "version": "4.1.0",
      "resolved": "https://registry.npmjs.org/@types/eventemitter2/-/eventemitter2-4.1.0.tgz",
      "integrity": "sha512-IyrCYFL+FakW3gVd/x2b0QIpcVrdgcNCkj985xoBVinc0rNwoV87IbBx7KlS5aP+bx7uIZxVypLCiSwmI4jZrg==",
      "dev": true,
      "requires": {
        "eventemitter2": "*"
      }
    },
    "@types/node": {
      "version": "17.0.8",
      "resolved": "https://registry.npmjs.org/@types/node/-/node-17.0.8.tgz",
      "integrity": "sha512-YofkM6fGv4gDJq78g4j0mMuGMkZVxZDgtU0JRdx6FgiJDG+0fY0GKVolOV8WqVmEhLCXkQRjwDdKyPxJp/uucg==",
      "dev": true
    },
    "@types/ws": {
      "version": "8.2.2",
      "resolved": "https://registry.npmjs.org/@types/ws/-/ws-8.2.2.tgz",
      "integrity": "sha512-NOn5eIcgWLOo6qW8AcuLZ7G8PycXu0xTxxkS6Q18VWFxgPUSOwV0pBj2a/4viNZVu25i7RIB7GttdkAIUUXOOg==",
      "dev": true,
      "requires": {
        "@types/node": "*"
      }
    },
    "asynckit": {
      "version": "0.4.0",
      "resolved": "https://registry.npmjs.org/asynckit/-/asynckit-0.4.0.tgz",
      "integrity": "sha1-x57Zf380y48robyXkLzDZkdLS3k="
    },
    "axios": {
      "version": "0.24.0",
      "resolved": "https://registry.npmjs.org/axios/-/axios-0.24.0.tgz",
      "integrity": "sha512-Q6cWsys88HoPgAaFAVUb0WpPk0O8iTeisR9IMqy9G8AbO4NlpVknrnQS03zzF9PGAWgO3cgletO3VjV/P7VztA==",
      "requires": {
        "follow-redirects": "^1.14.4"
      }
    },
    "combined-stream": {
      "version": "1.0.8",
      "resolved": "https://registry.npmjs.org/combined-stream/-/combined-stream-1.0.8.tgz",
      "integrity": "sha512-FQN4MRfuJeHf7cBbBMJFXhKSDq+2kAArBlmRBvcvFE5BB1HZKXtSFASDhdlz9zOYwxh8lDdnvmMOe/+5cdoEdg==",
      "requires": {
        "delayed-stream": "~1.0.0"
      }
    },
    "cross-fetch": {
      "version": "3.1.4",
      "resolved": "https://registry.npmjs.org/cross-fetch/-/cross-fetch-3.1.4.tgz",
      "integrity": "sha512-1eAtFWdIubi6T4XPy6ei9iUFoKpUkIF971QLN8lIvvvwueI65+Nw5haMNKUwfJxabqlIIDODJKGrQ66gxC0PbQ==",
      "requires": {
        "node-fetch": "2.6.1"
      }
    },
    "delayed-stream": {
      "version": "1.0.0",
      "resolved": "https://registry.npmjs.org/delayed-stream/-/delayed-stream-1.0.0.tgz",
      "integrity": "sha1-3zrhmayt+31ECqrgsp4icrJOxhk="
    },
    "eventemitter2": {
      "version": "6.4.5",
      "resolved": "https://registry.npmjs.org/eventemitter2/-/eventemitter2-6.4.5.tgz",
      "integrity": "sha512-bXE7Dyc1i6oQElDG0jMRZJrRAn9QR2xyyFGmBdZleNmyQX0FqGYmhZIrIrpPfm/w//LTo4tVQGOGQcGCb5q9uw=="
    },
    "extract-files": {
      "version": "9.0.0",
      "resolved": "https://registry.npmjs.org/extract-files/-/extract-files-9.0.0.tgz",
      "integrity": "sha512-CvdFfHkC95B4bBBk36hcEmvdR2awOdhhVUYH6S/zrVj3477zven/fJMYg7121h4T1xHZC+tetUpubpAhxwI7hQ=="
    },
    "follow-redirects": {
      "version": "1.14.7",
      "resolved": "https://registry.npmjs.org/follow-redirects/-/follow-redirects-1.14.7.tgz",
      "integrity": "sha512-+hbxoLbFMbRKDwohX8GkTataGqO6Jb7jGwpAlwgy2bIz25XtRm7KEzJM76R1WiNT5SwZkX4Y75SwBolkpmE7iQ=="
    },
    "form-data": {
      "version": "3.0.1",
      "resolved": "https://registry.npmjs.org/form-data/-/form-data-3.0.1.tgz",
      "integrity": "sha512-RHkBKtLWUVwd7SqRIvCZMEvAMoGUp0XU+seQiZejj0COz3RI3hWP4sCv3gZWWLjJTd7rGwcsF5eKZGii0r/hbg==",
      "requires": {
        "asynckit": "^0.4.0",
        "combined-stream": "^1.0.8",
        "mime-types": "^2.1.12"
      }
    },
    "graphql": {
      "version": "16.2.0",
      "resolved": "https://registry.npmjs.org/graphql/-/graphql-16.2.0.tgz",
      "integrity": "sha512-MuQd7XXrdOcmfwuLwC2jNvx0n3rxIuNYOxUtiee5XOmfrWo613ar2U8pE7aHAKh8VwfpifubpD9IP+EdEAEOsA==",
      "peer": true
    },
    "graphql-request": {
      "version": "3.7.0",
      "resolved": "https://registry.npmjs.org/graphql-request/-/graphql-request-3.7.0.tgz",
      "integrity": "sha512-dw5PxHCgBneN2DDNqpWu8QkbbJ07oOziy8z+bK/TAXufsOLaETuVO4GkXrbs0WjhdKhBMN3BkpN/RIvUHkmNUQ==",
      "requires": {
        "cross-fetch": "^3.0.6",
        "extract-files": "^9.0.0",
        "form-data": "^3.0.0"
      }
    },
    "mime-db": {
      "version": "1.51.0",
      "resolved": "https://registry.npmjs.org/mime-db/-/mime-db-1.51.0.tgz",
      "integrity": "sha512-5y8A56jg7XVQx2mbv1lu49NR4dokRnhZYTtL+KGfaa27uq4pSTXkwQkFJl4pkRMyNFz/EtYDSkiiEHx3F7UN6g=="
    },
    "mime-types": {
      "version": "2.1.34",
      "resolved": "https://registry.npmjs.org/mime-types/-/mime-types-2.1.34.tgz",
      "integrity": "sha512-6cP692WwGIs9XXdOO4++N+7qjqv0rqxxVvJ3VHPh/Sc9mVZcQP+ZGhkKiTvWMQRr2tbHkJP/Yn7Y0npb3ZBs4A==",
      "requires": {
        "mime-db": "1.51.0"
      }
    },
    "node-fetch": {
      "version": "2.6.1",
      "resolved": "https://registry.npmjs.org/node-fetch/-/node-fetch-2.6.1.tgz",
      "integrity": "sha512-V4aYg89jEoVRxRb2fJdAg8FHvI7cEyYdVAh94HH0UIK8oJxUfkjlDQN9RbMx+bEjP7+ggMiFRprSti032Oipxw=="
    },
    "ws": {
      "version": "8.4.2",
      "resolved": "https://registry.npmjs.org/ws/-/ws-8.4.2.tgz",
      "integrity": "sha512-Kbk4Nxyq7/ZWqr/tarI9yIt/+iNNFOjBXEWgTb4ydaNHBNGgvf2QHbS9fdfsndfjFlFwEd4Al+mw83YkaD10ZA==",
      "requires": {}
    }
  }
}
